// !$*UTF8*$!
{
	archiveVersion = 1;
	classes = {
	};
	objectVersion = 52;
	objects = {

/* Begin PBXBuildFile section */
		FA8F36C325C09CE6000CC24B /* AppDelegate.swift in Sources */ = {isa = PBXBuildFile; fileRef = FA8F36C225C09CE6000CC24B /* AppDelegate.swift */; };
		FA8F36C525C09CE6000CC24B /* ViewController.swift in Sources */ = {isa = PBXBuildFile; fileRef = FA8F36C425C09CE6000CC24B /* ViewController.swift */; };
		FA8F36C725C09CF1000CC24B /* Assets.xcassets in Resources */ = {isa = PBXBuildFile; fileRef = FA8F36C625C09CF1000CC24B /* Assets.xcassets */; };
		FA8F36CA25C09CF1000CC24B /* Main.storyboard in Resources */ = {isa = PBXBuildFile; fileRef = FA8F36C825C09CF1000CC24B /* Main.storyboard */; };
		FA8F36DA25C0AD47000CC24B /* RealmClasses.swift in Sources */ = {isa = PBXBuildFile; fileRef = FA8F36D925C0AD47000CC24B /* RealmClasses.swift */; };
		FA8F36DD25C0AE47000CC24B /* Functions.swift in Sources */ = {isa = PBXBuildFile; fileRef = FA8F36DC25C0AE47000CC24B /* Functions.swift */; };
		FA8F36E025C0AE7B000CC24B /* RealmManager.swift in Sources */ = {isa = PBXBuildFile; fileRef = FA8F36DF25C0AE7B000CC24B /* RealmManager.swift */; };
		FA8F36E825C0B721000CC24B /* Realm in Frameworks */ = {isa = PBXBuildFile; productRef = FA8F36E725C0B721000CC24B /* Realm */; };
		FA8F36EA25C0B721000CC24B /* RealmSwift in Frameworks */ = {isa = PBXBuildFile; productRef = FA8F36E925C0B721000CC24B /* RealmSwift */; };
/* End PBXBuildFile section */

/* Begin PBXFileReference section */
		FA8F36BF25C09CE6000CC24B /* Realm 10.app */ = {isa = PBXFileReference; explicitFileType = wrapper.application; includeInIndex = 0; path = "Realm 10.app"; sourceTree = BUILT_PRODUCTS_DIR; };
		FA8F36C225C09CE6000CC24B /* AppDelegate.swift */ = {isa = PBXFileReference; lastKnownFileType = sourcecode.swift; path = AppDelegate.swift; sourceTree = "<group>"; };
		FA8F36C425C09CE6000CC24B /* ViewController.swift */ = {isa = PBXFileReference; lastKnownFileType = sourcecode.swift; path = ViewController.swift; sourceTree = "<group>"; };
		FA8F36C625C09CF1000CC24B /* Assets.xcassets */ = {isa = PBXFileReference; lastKnownFileType = folder.assetcatalog; path = Assets.xcassets; sourceTree = "<group>"; };
		FA8F36C925C09CF1000CC24B /* Base */ = {isa = PBXFileReference; lastKnownFileType = file.storyboard; name = Base; path = Base.lproj/Main.storyboard; sourceTree = "<group>"; };
		FA8F36CB25C09CF1000CC24B /* Info.plist */ = {isa = PBXFileReference; lastKnownFileType = text.plist.xml; path = Info.plist; sourceTree = "<group>"; };
		FA8F36CC25C09CF1000CC24B /* Realm_10.entitlements */ = {isa = PBXFileReference; lastKnownFileType = text.plist.entitlements; path = Realm_10.entitlements; sourceTree = "<group>"; };
		FA8F36D925C0AD47000CC24B /* RealmClasses.swift */ = {isa = PBXFileReference; lastKnownFileType = sourcecode.swift; path = RealmClasses.swift; sourceTree = "<group>"; };
		FA8F36DC25C0AE47000CC24B /* Functions.swift */ = {isa = PBXFileReference; lastKnownFileType = sourcecode.swift; path = Functions.swift; sourceTree = "<group>"; };
		FA8F36DF25C0AE7B000CC24B /* RealmManager.swift */ = {isa = PBXFileReference; lastKnownFileType = sourcecode.swift; path = RealmManager.swift; sourceTree = "<group>"; };
/* End PBXFileReference section */

/* Begin PBXFrameworksBuildPhase section */
		FA8F36BC25C09CE6000CC24B /* Frameworks */ = {
			isa = PBXFrameworksBuildPhase;
			buildActionMask = 2147483647;
			files = (
				FA8F36EA25C0B721000CC24B /* RealmSwift in Frameworks */,
				FA8F36E825C0B721000CC24B /* Realm in Frameworks */,
			);
			runOnlyForDeploymentPostprocessing = 0;
		};
/* End PBXFrameworksBuildPhase section */

/* Begin PBXGroup section */
		FA8F36B625C09CE6000CC24B = {
			isa = PBXGroup;
			children = (
				FA8F36C125C09CE6000CC24B /* Realm 10 */,
				FA8F36C025C09CE6000CC24B /* Products */,
			);
			sourceTree = "<group>";
		};
		FA8F36C025C09CE6000CC24B /* Products */ = {
			isa = PBXGroup;
			children = (
				FA8F36BF25C09CE6000CC24B /* Realm 10.app */,
			);
			name = Products;
			sourceTree = "<group>";
		};
		FA8F36C125C09CE6000CC24B /* Realm 10 */ = {
			isa = PBXGroup;
			children = (
				FA8F36C225C09CE6000CC24B /* AppDelegate.swift */,
				FA8F36C425C09CE6000CC24B /* ViewController.swift */,
				FA8F36C625C09CF1000CC24B /* Assets.xcassets */,
				FA8F36C825C09CF1000CC24B /* Main.storyboard */,
				FA8F36CB25C09CF1000CC24B /* Info.plist */,
				FA8F36CC25C09CF1000CC24B /* Realm_10.entitlements */,
				FA8F36D925C0AD47000CC24B /* RealmClasses.swift */,
				FA8F36DC25C0AE47000CC24B /* Functions.swift */,
				FA8F36DF25C0AE7B000CC24B /* RealmManager.swift */,
			);
			path = "Realm 10";
			sourceTree = "<group>";
		};
/* End PBXGroup section */

/* Begin PBXNativeTarget section */
		FA8F36BE25C09CE6000CC24B /* Realm 10 */ = {
			isa = PBXNativeTarget;
			buildConfigurationList = FA8F36CF25C09CF1000CC24B /* Build configuration list for PBXNativeTarget "Realm 10" */;
			buildPhases = (
				FA8F36BB25C09CE6000CC24B /* Sources */,
				FA8F36BC25C09CE6000CC24B /* Frameworks */,
				FA8F36BD25C09CE6000CC24B /* Resources */,
			);
			buildRules = (
			);
			dependencies = (
			);
			name = "Realm 10";
			packageProductDependencies = (
				FA8F36E725C0B721000CC24B /* Realm */,
				FA8F36E925C0B721000CC24B /* RealmSwift */,
			);
			productName = "Realm 5.5.0";
			productReference = FA8F36BF25C09CE6000CC24B /* Realm 10.app */;
			productType = "com.apple.product-type.application";
		};
/* End PBXNativeTarget section */

/* Begin PBXProject section */
		FA8F36B725C09CE6000CC24B /* Project object */ = {
			isa = PBXProject;
			attributes = {
				LastSwiftUpdateCheck = 1230;
				LastUpgradeCheck = 1230;
				TargetAttributes = {
					FA8F36BE25C09CE6000CC24B = {
						CreatedOnToolsVersion = 12.3;
					};
				};
			};
			buildConfigurationList = FA8F36BA25C09CE6000CC24B /* Build configuration list for PBXProject "Realm 10" */;
			compatibilityVersion = "Xcode 9.3";
			developmentRegion = en;
			hasScannedForEncodings = 0;
			knownRegions = (
				en,
				Base,
			);
			mainGroup = FA8F36B625C09CE6000CC24B;
			packageReferences = (
				FA8F36E625C0B721000CC24B /* XCRemoteSwiftPackageReference "realm-cocoa" */,
			);
			productRefGroup = FA8F36C025C09CE6000CC24B /* Products */;
			projectDirPath = "";
			projectRoot = "";
			targets = (
				FA8F36BE25C09CE6000CC24B /* Realm 10 */,
			);
		};
/* End PBXProject section */

/* Begin PBXResourcesBuildPhase section */
		FA8F36BD25C09CE6000CC24B /* Resources */ = {
			isa = PBXResourcesBuildPhase;
			buildActionMask = 2147483647;
			files = (
				FA8F36C725C09CF1000CC24B /* Assets.xcassets in Resources */,
				FA8F36CA25C09CF1000CC24B /* Main.storyboard in Resources */,
			);
			runOnlyForDeploymentPostprocessing = 0;
		};
/* End PBXResourcesBuildPhase section */

/* Begin PBXSourcesBuildPhase section */
		FA8F36BB25C09CE6000CC24B /* Sources */ = {
			isa = PBXSourcesBuildPhase;
			buildActionMask = 2147483647;
			files = (
				FA8F36C525C09CE6000CC24B /* ViewController.swift in Sources */,
				FA8F36DA25C0AD47000CC24B /* RealmClasses.swift in Sources */,
				FA8F36E025C0AE7B000CC24B /* RealmManager.swift in Sources */,
				FA8F36C325C09CE6000CC24B /* AppDelegate.swift in Sources */,
				FA8F36DD25C0AE47000CC24B /* Functions.swift in Sources */,
			);
			runOnlyForDeploymentPostprocessing = 0;
		};
/* End PBXSourcesBuildPhase section */

/* Begin PBXVariantGroup section */
		FA8F36C825C09CF1000CC24B /* Main.storyboard */ = {
			isa = PBXVariantGroup;
			children = (
				FA8F36C925C09CF1000CC24B /* Base */,
			);
			name = Main.storyboard;
			sourceTree = "<group>";
		};
/* End PBXVariantGroup section */

/* Begin XCBuildConfiguration section */
		FA8F36CD25C09CF1000CC24B /* Debug */ = {
			isa = XCBuildConfiguration;
			buildSettings = {
				ALWAYS_SEARCH_USER_PATHS = NO;
				CLANG_ANALYZER_NONNULL = YES;
				CLANG_ANALYZER_NUMBER_OBJECT_CONVERSION = YES_AGGRESSIVE;
				CLANG_CXX_LANGUAGE_STANDARD = "gnu++14";
				CLANG_CXX_LIBRARY = "libc++";
				CLANG_ENABLE_MODULES = YES;
				CLANG_ENABLE_OBJC_ARC = YES;
				CLANG_ENABLE_OBJC_WEAK = YES;
				CLANG_WARN_BLOCK_CAPTURE_AUTORELEASING = YES;
				CLANG_WARN_BOOL_CONVERSION = YES;
				CLANG_WARN_COMMA = YES;
				CLANG_WARN_CONSTANT_CONVERSION = YES;
				CLANG_WARN_DEPRECATED_OBJC_IMPLEMENTATIONS = YES;
				CLANG_WARN_DIRECT_OBJC_ISA_USAGE = YES_ERROR;
				CLANG_WARN_DOCUMENTATION_COMMENTS = YES;
				CLANG_WARN_EMPTY_BODY = YES;
				CLANG_WARN_ENUM_CONVERSION = YES;
				CLANG_WARN_INFINITE_RECURSION = YES;
				CLANG_WARN_INT_CONVERSION = YES;
				CLANG_WARN_NON_LITERAL_NULL_CONVERSION = YES;
				CLANG_WARN_OBJC_IMPLICIT_RETAIN_SELF = YES;
				CLANG_WARN_OBJC_LITERAL_CONVERSION = YES;
				CLANG_WARN_OBJC_ROOT_CLASS = YES_ERROR;
				CLANG_WARN_QUOTED_INCLUDE_IN_FRAMEWORK_HEADER = YES;
				CLANG_WARN_RANGE_LOOP_ANALYSIS = YES;
				CLANG_WARN_STRICT_PROTOTYPES = YES;
				CLANG_WARN_SUSPICIOUS_MOVE = YES;
				CLANG_WARN_UNGUARDED_AVAILABILITY = YES_AGGRESSIVE;
				CLANG_WARN_UNREACHABLE_CODE = YES;
				CLANG_WARN__DUPLICATE_METHOD_MATCH = YES;
				COPY_PHASE_STRIP = NO;
				DEBUG_INFORMATION_FORMAT = dwarf;
				ENABLE_STRICT_OBJC_MSGSEND = YES;
				ENABLE_TESTABILITY = YES;
				GCC_C_LANGUAGE_STANDARD = gnu11;
				GCC_DYNAMIC_NO_PIC = NO;
				GCC_NO_COMMON_BLOCKS = YES;
				GCC_OPTIMIZATION_LEVEL = 0;
				GCC_PREPROCESSOR_DEFINITIONS = (
					"DEBUG=1",
					"$(inherited)",
				);
				GCC_WARN_64_TO_32_BIT_CONVERSION = YES;
				GCC_WARN_ABOUT_RETURN_TYPE = YES_ERROR;
				GCC_WARN_UNDECLARED_SELECTOR = YES;
				GCC_WARN_UNINITIALIZED_AUTOS = YES_AGGRESSIVE;
				GCC_WARN_UNUSED_FUNCTION = YES;
				GCC_WARN_UNUSED_VARIABLE = YES;
				MACOSX_DEPLOYMENT_TARGET = 11.1;
				MTL_ENABLE_DEBUG_INFO = INCLUDE_SOURCE;
				MTL_FAST_MATH = YES;
				ONLY_ACTIVE_ARCH = YES;
				SDKROOT = macosx;
				SWIFT_ACTIVE_COMPILATION_CONDITIONS = DEBUG;
				SWIFT_OPTIMIZATION_LEVEL = "-Onone";
			};
			name = Debug;
		};
		FA8F36CE25C09CF1000CC24B /* Release */ = {
			isa = XCBuildConfiguration;
			buildSettings = {
				ALWAYS_SEARCH_USER_PATHS = NO;
				CLANG_ANALYZER_NONNULL = YES;
				CLANG_ANALYZER_NUMBER_OBJECT_CONVERSION = YES_AGGRESSIVE;
				CLANG_CXX_LANGUAGE_STANDARD = "gnu++14";
				CLANG_CXX_LIBRARY = "libc++";
				CLANG_ENABLE_MODULES = YES;
				CLANG_ENABLE_OBJC_ARC = YES;
				CLANG_ENABLE_OBJC_WEAK = YES;
				CLANG_WARN_BLOCK_CAPTURE_AUTORELEASING = YES;
				CLANG_WARN_BOOL_CONVERSION = YES;
				CLANG_WARN_COMMA = YES;
				CLANG_WARN_CONSTANT_CONVERSION = YES;
				CLANG_WARN_DEPRECATED_OBJC_IMPLEMENTATIONS = YES;
				CLANG_WARN_DIRECT_OBJC_ISA_USAGE = YES_ERROR;
				CLANG_WARN_DOCUMENTATION_COMMENTS = YES;
				CLANG_WARN_EMPTY_BODY = YES;
				CLANG_WARN_ENUM_CONVERSION = YES;
				CLANG_WARN_INFINITE_RECURSION = YES;
				CLANG_WARN_INT_CONVERSION = YES;
				CLANG_WARN_NON_LITERAL_NULL_CONVERSION = YES;
				CLANG_WARN_OBJC_IMPLICIT_RETAIN_SELF = YES;
				CLANG_WARN_OBJC_LITERAL_CONVERSION = YES;
				CLANG_WARN_OBJC_ROOT_CLASS = YES_ERROR;
				CLANG_WARN_QUOTED_INCLUDE_IN_FRAMEWORK_HEADER = YES;
				CLANG_WARN_RANGE_LOOP_ANALYSIS = YES;
				CLANG_WARN_STRICT_PROTOTYPES = YES;
				CLANG_WARN_SUSPICIOUS_MOVE = YES;
				CLANG_WARN_UNGUARDED_AVAILABILITY = YES_AGGRESSIVE;
				CLANG_WARN_UNREACHABLE_CODE = YES;
				CLANG_WARN__DUPLICATE_METHOD_MATCH = YES;
				COPY_PHASE_STRIP = NO;
				DEBUG_INFORMATION_FORMAT = "dwarf-with-dsym";
				ENABLE_NS_ASSERTIONS = NO;
				ENABLE_STRICT_OBJC_MSGSEND = YES;
				GCC_C_LANGUAGE_STANDARD = gnu11;
				GCC_NO_COMMON_BLOCKS = YES;
				GCC_WARN_64_TO_32_BIT_CONVERSION = YES;
				GCC_WARN_ABOUT_RETURN_TYPE = YES_ERROR;
				GCC_WARN_UNDECLARED_SELECTOR = YES;
				GCC_WARN_UNINITIALIZED_AUTOS = YES_AGGRESSIVE;
				GCC_WARN_UNUSED_FUNCTION = YES;
				GCC_WARN_UNUSED_VARIABLE = YES;
				MACOSX_DEPLOYMENT_TARGET = 11.1;
				MTL_ENABLE_DEBUG_INFO = NO;
				MTL_FAST_MATH = YES;
				SDKROOT = macosx;
				SWIFT_COMPILATION_MODE = wholemodule;
				SWIFT_OPTIMIZATION_LEVEL = "-O";
			};
			name = Release;
		};
		FA8F36D025C09CF1000CC24B /* Debug */ = {
			isa = XCBuildConfiguration;
			buildSettings = {
				ASSETCATALOG_COMPILER_APPICON_NAME = AppIcon;
				ASSETCATALOG_COMPILER_GLOBAL_ACCENT_COLOR_NAME = AccentColor;
				CODE_SIGN_ENTITLEMENTS = "Realm 10/Realm_10.entitlements";
				CODE_SIGN_STYLE = Automatic;
				COMBINE_HIDPI_IMAGES = YES;
				DEVELOPMENT_TEAM = C59XPK756L;
				ENABLE_HARDENED_RUNTIME = YES;
				INFOPLIST_FILE = "Realm 10/Info.plist";
				LD_RUNPATH_SEARCH_PATHS = (
					"$(inherited)",
					"@executable_path/../Frameworks",
				);
				PRODUCT_BUNDLE_IDENTIFIER = "com.hkdalex.Realm-10";
				PRODUCT_NAME = "$(TARGET_NAME)";
				SWIFT_VERSION = 5.0;
			};
			name = Debug;
		};
		FA8F36D125C09CF1000CC24B /* Release */ = {
			isa = XCBuildConfiguration;
			buildSettings = {
				ASSETCATALOG_COMPILER_APPICON_NAME = AppIcon;
				ASSETCATALOG_COMPILER_GLOBAL_ACCENT_COLOR_NAME = AccentColor;
				CODE_SIGN_ENTITLEMENTS = "Realm 10/Realm_10.entitlements";
				CODE_SIGN_STYLE = Automatic;
				COMBINE_HIDPI_IMAGES = YES;
				DEVELOPMENT_TEAM = C59XPK756L;
				ENABLE_HARDENED_RUNTIME = YES;
				INFOPLIST_FILE = "Realm 10/Info.plist";
				LD_RUNPATH_SEARCH_PATHS = (
					"$(inherited)",
					"@executable_path/../Frameworks",
				);
				PRODUCT_BUNDLE_IDENTIFIER = "com.hkdalex.Realm-10";
				PRODUCT_NAME = "$(TARGET_NAME)";
				SWIFT_VERSION = 5.0;
			};
			name = Release;
		};
/* End XCBuildConfiguration section */

/* Begin XCConfigurationList section */
		FA8F36BA25C09CE6000CC24B /* Build configuration list for PBXProject "Realm 10" */ = {
			isa = XCConfigurationList;
			buildConfigurations = (
				FA8F36CD25C09CF1000CC24B /* Debug */,
				FA8F36CE25C09CF1000CC24B /* Release */,
			);
			defaultConfigurationIsVisible = 0;
			defaultConfigurationName = Release;
		};
		FA8F36CF25C09CF1000CC24B /* Build configuration list for PBXNativeTarget "Realm 10" */ = {
			isa = XCConfigurationList;
			buildConfigurations = (
				FA8F36D025C09CF1000CC24B /* Debug */,
				FA8F36D125C09CF1000CC24B /* Release */,
			);
			defaultConfigurationIsVisible = 0;
			defaultConfigurationName = Release;
		};
/* End XCConfigurationList section */

/* Begin XCRemoteSwiftPackageReference section */
		FA8F36E625C0B721000CC24B /* XCRemoteSwiftPackageReference "realm-cocoa" */ = {
			isa = XCRemoteSwiftPackageReference;
			repositoryURL = "https://github.com/realm/realm-cocoa.git";
			requirement = {
				kind = upToNextMajorVersion;
				minimumVersion = 10.5.1;
			};
		};
/* End XCRemoteSwiftPackageReference section */

/* Begin XCSwiftPackageProductDependency section */
		FA8F36E725C0B721000CC24B /* Realm */ = {
			isa = XCSwiftPackageProductDependency;
			package = FA8F36E625C0B721000CC24B /* XCRemoteSwiftPackageReference "realm-cocoa" */;
			productName = Realm;
		};
		FA8F36E925C0B721000CC24B /* RealmSwift */ = {
			isa = XCSwiftPackageProductDependency;
			package = FA8F36E625C0B721000CC24B /* XCRemoteSwiftPackageReference "realm-cocoa" */;
			productName = RealmSwift;
		};
/* End XCSwiftPackageProductDependency section */
	};
	rootObject = FA8F36B725C09CE6000CC24B /* Project object */;
}
